
Microsoft Visual Studio Solution File, Format Version 12.00
# Visual Studio Version 17
VisualStudioVersion = 17.2.32526.322
MinimumVisualStudioVersion = 10.0.40219.1
Project("{FAE04EC0-301F-11D3-BF4B-00C04F79EFBC}") = "Hastane__Proje", "Hastane__Proje\Hastane__Proje.csproj", "{B783C580-E78F-41E8-B33E-7017ED6F6954}"
EndProject
Global
	GlobalSection(SolutionConfigurationPlatforms) = preSolution
		Debug|Any CPU = Debug|Any CPU
		Release|Any CPU = Release|Any CPU
	EndGlobalSection
	GlobalSection(ProjectConfigurationPlatforms) = postSolution
		{B783C580-E78F-41E8-B33E-7017ED6F6954}.Debug|Any CPU.ActiveCfg = Debug|Any CPU
		{B783C580-E78F-41E8-B33E-7017ED6F6954}.Debug|Any CPU.Build.0 = Debug|Any CPU
		{B783C580-E78F-41E8-B33E-7017ED6F6954}.Release|Any CPU.ActiveCfg = Release|Any CPU
		{B783C580-E78F-41E8-B33E-7017ED6F6954}.Release|Any CPU.Build.0 = Release|Any CPU
	EndGlobalSection
	GlobalSection(SolutionProperties) = preSolution
		HideSolutionNode = FALSE
	EndGlobalSection
	GlobalSection(ExtensibilityGlobals) = postSolution
		SolutionGuid = {0F352B08-CACB-4303-8A56-3606C47E3205}
	EndGlobalSection
EndGlobal
